
Microsoft Visual Studio Solution File, Format Version 12.00
# Visual Studio Version 17
VisualStudioVersion = 17.0.31717.71
MinimumVisualStudioVersion = 10.0.40219.1
Project("{9A19103F-16F7-4668-BE54-9A1E7A4F7556}") = "Pagination.EntityFrameworkCore.Extensions", "Pagination.EntityFrameworkCore.Extensions\Pagination.EntityFrameworkCore.Extensions.csproj", "{CC005A6E-2DEB-451F-A78D-E18CDD64E17B}"
EndProject
Project("{9A19103F-16F7-4668-BE54-9A1E7A4F7556}") = "Pagination.EntityFrameworkCore.Extensions.Tests", "Pagination.EntityFrameworkCore.Extensions.Tests\Pagination.EntityFrameworkCore.Extensions.Tests.csproj", "{367F7E83-F5D6-42A8-B531-190A4EADB31F}"
EndProject
Project("{2150E333-8FDC-42A3-9474-1A3956D46DE8}") = "Examples", "Examples", "{5930A197-9F82-4221-81F0-0FE431F5DDB6}"
EndProject
Project("{9A19103F-16F7-4668-BE54-9A1E7A4F7556}") = "WebApi", "Examples\WebApi\WebApi.csproj", "{9F5F523E-3D47-4282-B7DA-629FBF4EE385}"
EndProject
Project("{FAE04EC0-301F-11D3-BF4B-00C04F79EFBC}") = "BlazorApp.SQLite", "Examples\BlazorApp.SQLite\BlazorApp.SQLite.csproj", "{781F7F7A-C4A3-4005-9C19-FE804408BB73}"
EndProject
Global
	GlobalSection(SolutionConfigurationPlatforms) = preSolution
		Debug|Any CPU = Debug|Any CPU
		Release|Any CPU = Release|Any CPU
	EndGlobalSection
	GlobalSection(ProjectConfigurationPlatforms) = postSolution
		{CC005A6E-2DEB-451F-A78D-E18CDD64E17B}.Debug|Any CPU.ActiveCfg = Debug|Any CPU
		{CC005A6E-2DEB-451F-A78D-E18CDD64E17B}.Debug|Any CPU.Build.0 = Debug|Any CPU
		{CC005A6E-2DEB-451F-A78D-E18CDD64E17B}.Release|Any CPU.ActiveCfg = Release|Any CPU
		{CC005A6E-2DEB-451F-A78D-E18CDD64E17B}.Release|Any CPU.Build.0 = Release|Any CPU
		{367F7E83-F5D6-42A8-B531-190A4EADB31F}.Debug|Any CPU.ActiveCfg = Debug|Any CPU
		{367F7E83-F5D6-42A8-B531-190A4EADB31F}.Debug|Any CPU.Build.0 = Debug|Any CPU
		{367F7E83-F5D6-42A8-B531-190A4EADB31F}.Release|Any CPU.ActiveCfg = Release|Any CPU
		{367F7E83-F5D6-42A8-B531-190A4EADB31F}.Release|Any CPU.Build.0 = Release|Any CPU
		{9F5F523E-3D47-4282-B7DA-629FBF4EE385}.Debug|Any CPU.ActiveCfg = Debug|Any CPU
		{9F5F523E-3D47-4282-B7DA-629FBF4EE385}.Debug|Any CPU.Build.0 = Debug|Any CPU
		{9F5F523E-3D47-4282-B7DA-629FBF4EE385}.Release|Any CPU.ActiveCfg = Release|Any CPU
		{9F5F523E-3D47-4282-B7DA-629FBF4EE385}.Release|Any CPU.Build.0 = Release|Any CPU
		{781F7F7A-C4A3-4005-9C19-FE804408BB73}.Debug|Any CPU.ActiveCfg = Debug|Any CPU
		{781F7F7A-C4A3-4005-9C19-FE804408BB73}.Debug|Any CPU.Build.0 = Debug|Any CPU
		{781F7F7A-C4A3-4005-9C19-FE804408BB73}.Release|Any CPU.ActiveCfg = Release|Any CPU
		{781F7F7A-C4A3-4005-9C19-FE804408BB73}.Release|Any CPU.Build.0 = Release|Any CPU
	EndGlobalSection
	GlobalSection(SolutionProperties) = preSolution
		HideSolutionNode = FALSE
	EndGlobalSection
	GlobalSection(NestedProjects) = preSolution
		{9F5F523E-3D47-4282-B7DA-629FBF4EE385} = {5930A197-9F82-4221-81F0-0FE431F5DDB6}
		{781F7F7A-C4A3-4005-9C19-FE804408BB73} = {5930A197-9F82-4221-81F0-0FE431F5DDB6}
	EndGlobalSection
	GlobalSection(ExtensibilityGlobals) = postSolution
		SolutionGuid = {7D410B17-1972-480B-8183-B9573DC1989B}
	EndGlobalSection
EndGlobal
